
Microsoft Visual Studio Solution File, Format Version 12.00
# Visual Studio Version 17
VisualStudioVersion = 17.3.32519.111
MinimumVisualStudioVersion = 10.0.40219.1
Project("{FAE04EC0-301F-11D3-BF4B-00C04F79EFBC}") = "MechTE_452", "MechTE_452\MechTE_452.csproj", "{A3305449-A849-44FC-92A8-6D33D229E385}"
EndProject
Project("{FAE04EC0-301F-11D3-BF4B-00C04F79EFBC}") = "MechTE.Test", "MechTE.Test\MechTE.Test.csproj", "{8D027A6B-7599-4DDC-AE54-BC0566F14D57}"
EndProject
Project("{FAE04EC0-301F-11D3-BF4B-00C04F79EFBC}") = "xUnitTest", "xUnitTest\xUnitTest.csproj", "{4F2A56FB-0199-4A3A-925A-040E5B8624D6}"
EndProject
Project("{FAE04EC0-301F-11D3-BF4B-00C04F79EFBC}") = "MechTE_480", "MechTE_480\MechTE_480.csproj", "{CF13CCDD-9E46-406A-8CB2-EF159D228A03}"
EndProject
Project("{FAE04EC0-301F-11D3-BF4B-00C04F79EFBC}") = "MechTE_ContextMenu", "MechTE_ContextMenu\MechTE_ContextMenu.csproj", "{73EC2EB4-98FC-48FD-882A-6BC11D4B2423}"
EndProject
Project("{FAE04EC0-301F-11D3-BF4B-00C04F79EFBC}") = "MyContextMenu", "MyContextMenu\MyContextMenu.csproj", "{81A35BDD-6DBD-414B-B2D1-E9804DE7604C}"
EndProject
Global
	GlobalSection(SolutionConfigurationPlatforms) = preSolution
		Debug|Any CPU = Debug|Any CPU
		Release|Any CPU = Release|Any CPU
	EndGlobalSection
	GlobalSection(ProjectConfigurationPlatforms) = postSolution
		{A3305449-A849-44FC-92A8-6D33D229E385}.Debug|Any CPU.ActiveCfg = Debug|Any CPU
		{A3305449-A849-44FC-92A8-6D33D229E385}.Debug|Any CPU.Build.0 = Debug|Any CPU
		{A3305449-A849-44FC-92A8-6D33D229E385}.Release|Any CPU.ActiveCfg = Release|Any CPU
		{A3305449-A849-44FC-92A8-6D33D229E385}.Release|Any CPU.Build.0 = Release|Any CPU
		{8D027A6B-7599-4DDC-AE54-BC0566F14D57}.Debug|Any CPU.ActiveCfg = Debug|Any CPU
		{8D027A6B-7599-4DDC-AE54-BC0566F14D57}.Debug|Any CPU.Build.0 = Debug|Any CPU
		{8D027A6B-7599-4DDC-AE54-BC0566F14D57}.Release|Any CPU.ActiveCfg = Release|Any CPU
		{8D027A6B-7599-4DDC-AE54-BC0566F14D57}.Release|Any CPU.Build.0 = Release|Any CPU
		{4F2A56FB-0199-4A3A-925A-040E5B8624D6}.Debug|Any CPU.ActiveCfg = Debug|Any CPU
		{4F2A56FB-0199-4A3A-925A-040E5B8624D6}.Debug|Any CPU.Build.0 = Debug|Any CPU
		{4F2A56FB-0199-4A3A-925A-040E5B8624D6}.Release|Any CPU.ActiveCfg = Release|Any CPU
		{4F2A56FB-0199-4A3A-925A-040E5B8624D6}.Release|Any CPU.Build.0 = Release|Any CPU
		{CF13CCDD-9E46-406A-8CB2-EF159D228A03}.Debug|Any CPU.ActiveCfg = Debug|Any CPU
		{CF13CCDD-9E46-406A-8CB2-EF159D228A03}.Debug|Any CPU.Build.0 = Debug|Any CPU
		{CF13CCDD-9E46-406A-8CB2-EF159D228A03}.Release|Any CPU.ActiveCfg = Release|Any CPU
		{CF13CCDD-9E46-406A-8CB2-EF159D228A03}.Release|Any CPU.Build.0 = Release|Any CPU
		{73EC2EB4-98FC-48FD-882A-6BC11D4B2423}.Debug|Any CPU.ActiveCfg = Debug|Any CPU
		{73EC2EB4-98FC-48FD-882A-6BC11D4B2423}.Debug|Any CPU.Build.0 = Debug|Any CPU
		{73EC2EB4-98FC-48FD-882A-6BC11D4B2423}.Release|Any CPU.ActiveCfg = Release|Any CPU
		{73EC2EB4-98FC-48FD-882A-6BC11D4B2423}.Release|Any CPU.Build.0 = Release|Any CPU
		{81A35BDD-6DBD-414B-B2D1-E9804DE7604C}.Debug|Any CPU.ActiveCfg = Debug|Any CPU
		{81A35BDD-6DBD-414B-B2D1-E9804DE7604C}.Debug|Any CPU.Build.0 = Debug|Any CPU
		{81A35BDD-6DBD-414B-B2D1-E9804DE7604C}.Release|Any CPU.ActiveCfg = Release|Any CPU
		{81A35BDD-6DBD-414B-B2D1-E9804DE7604C}.Release|Any CPU.Build.0 = Release|Any CPU
	EndGlobalSection
	GlobalSection(SolutionProperties) = preSolution
		HideSolutionNode = FALSE
	EndGlobalSection
	GlobalSection(ExtensibilityGlobals) = postSolution
		SolutionGuid = {B2699BA9-F357-4710-91DD-55AFEC08E051}
	EndGlobalSection
EndGlobal
